
Microsoft Visual Studio Solution File, Format Version 12.00
# Visual Studio 15
VisualStudioVersion = 15.0.28307.438
MinimumVisualStudioVersion = 10.0.40219.1
Project("{FAE04EC0-301F-11D3-BF4B-00C04F79EFBC}") = "KoszonoApp", "KoszonoApp\KoszonoApp.csproj", "{195EBE17-597B-495E-AF00-39499456B995}"
EndProject
Project("{FAE04EC0-301F-11D3-BF4B-00C04F79EFBC}") = "UnitTestProject1", "UnitTestProject1\UnitTestProject1.csproj", "{46778290-1DD2-41E9-AFC8-B87ADE036FBE}"
EndProject
Global
	GlobalSection(SolutionConfigurationPlatforms) = preSolution
		Debug|Any CPU = Debug|Any CPU
		Release|Any CPU = Release|Any CPU
	EndGlobalSection
	GlobalSection(ProjectConfigurationPlatforms) = postSolution
		{195EBE17-597B-495E-AF00-39499456B995}.Debug|Any CPU.ActiveCfg = Debug|Any CPU
		{195EBE17-597B-495E-AF00-39499456B995}.Debug|Any CPU.Build.0 = Debug|Any CPU
		{195EBE17-597B-495E-AF00-39499456B995}.Release|Any CPU.ActiveCfg = Release|Any CPU
		{195EBE17-597B-495E-AF00-39499456B995}.Release|Any CPU.Build.0 = Release|Any CPU
		{46778290-1DD2-41E9-AFC8-B87ADE036FBE}.Debug|Any CPU.ActiveCfg = Debug|Any CPU
		{46778290-1DD2-41E9-AFC8-B87ADE036FBE}.Debug|Any CPU.Build.0 = Debug|Any CPU
		{46778290-1DD2-41E9-AFC8-B87ADE036FBE}.Release|Any CPU.ActiveCfg = Release|Any CPU
		{46778290-1DD2-41E9-AFC8-B87ADE036FBE}.Release|Any CPU.Build.0 = Release|Any CPU
	EndGlobalSection
	GlobalSection(SolutionProperties) = preSolution
		HideSolutionNode = FALSE
	EndGlobalSection
	GlobalSection(ExtensibilityGlobals) = postSolution
		SolutionGuid = {F0A3C7D1-AA13-4A52-849D-9B1CB9B561F9}
	EndGlobalSection
EndGlobal
