
Microsoft Visual Studio Solution File, Format Version 12.00
# Visual Studio 15
VisualStudioVersion = 15.0.28307.438
MinimumVisualStudioVersion = 10.0.40219.1
Project("{FAE04EC0-301F-11D3-BF4B-00C04F79EFBC}") = "MezoBankUnitTest", "MezoBankUnitTest\MezoBankUnitTest.csproj", "{39917F56-C03D-4A37-8782-763BDC433B38}"
EndProject
Project("{FAE04EC0-301F-11D3-BF4B-00C04F79EFBC}") = "MezoBankLibrary", "MezoBankLibrary\MezoBankLibrary.csproj", "{F44D9121-9174-4CE2-8B9F-C32B353B1280}"
EndProject
Global
	GlobalSection(SolutionConfigurationPlatforms) = preSolution
		Debug|Any CPU = Debug|Any CPU
		Release|Any CPU = Release|Any CPU
	EndGlobalSection
	GlobalSection(ProjectConfigurationPlatforms) = postSolution
		{39917F56-C03D-4A37-8782-763BDC433B38}.Debug|Any CPU.ActiveCfg = Debug|Any CPU
		{39917F56-C03D-4A37-8782-763BDC433B38}.Debug|Any CPU.Build.0 = Debug|Any CPU
		{39917F56-C03D-4A37-8782-763BDC433B38}.Release|Any CPU.ActiveCfg = Release|Any CPU
		{39917F56-C03D-4A37-8782-763BDC433B38}.Release|Any CPU.Build.0 = Release|Any CPU
		{F44D9121-9174-4CE2-8B9F-C32B353B1280}.Debug|Any CPU.ActiveCfg = Debug|Any CPU
		{F44D9121-9174-4CE2-8B9F-C32B353B1280}.Debug|Any CPU.Build.0 = Debug|Any CPU
		{F44D9121-9174-4CE2-8B9F-C32B353B1280}.Release|Any CPU.ActiveCfg = Release|Any CPU
		{F44D9121-9174-4CE2-8B9F-C32B353B1280}.Release|Any CPU.Build.0 = Release|Any CPU
	EndGlobalSection
	GlobalSection(SolutionProperties) = preSolution
		HideSolutionNode = FALSE
	EndGlobalSection
	GlobalSection(ExtensibilityGlobals) = postSolution
		SolutionGuid = {2C5778A6-4755-494E-8F26-6E3CF2CD8C64}
	EndGlobalSection
EndGlobal
