
Microsoft Visual Studio Solution File, Format Version 12.00
# Visual Studio 15
VisualStudioVersion = 15.0.28307.168
MinimumVisualStudioVersion = 10.0.40219.1
Project("{FAE04EC0-301F-11D3-BF4B-00C04F79EFBC}") = "CoospaceEventWpf", "CoospaceEventWpf\CoospaceEventWpf.csproj", "{5C7AD922-CF21-42DF-AA7D-6EE1508D0036}"
EndProject
Global
	GlobalSection(SolutionConfigurationPlatforms) = preSolution
		Debug|Any CPU = Debug|Any CPU
		Release|Any CPU = Release|Any CPU
	EndGlobalSection
	GlobalSection(ProjectConfigurationPlatforms) = postSolution
		{5C7AD922-CF21-42DF-AA7D-6EE1508D0036}.Debug|Any CPU.ActiveCfg = Debug|Any CPU
		{5C7AD922-CF21-42DF-AA7D-6EE1508D0036}.Debug|Any CPU.Build.0 = Debug|Any CPU
		{5C7AD922-CF21-42DF-AA7D-6EE1508D0036}.Release|Any CPU.ActiveCfg = Release|Any CPU
		{5C7AD922-CF21-42DF-AA7D-6EE1508D0036}.Release|Any CPU.Build.0 = Release|Any CPU
	EndGlobalSection
	GlobalSection(SolutionProperties) = preSolution
		HideSolutionNode = FALSE
	EndGlobalSection
	GlobalSection(ExtensibilityGlobals) = postSolution
		SolutionGuid = {43787F13-A4D7-4FBF-943E-F873175DEFC0}
	EndGlobalSection
EndGlobal
