
Microsoft Visual Studio Solution File, Format Version 12.00
# Visual Studio 15
VisualStudioVersion = 15.0.28307.438
MinimumVisualStudioVersion = 10.0.40219.1
Project("{FAE04EC0-301F-11D3-BF4B-00C04F79EFBC}") = "SocialNeworkClassLibrary", "SocialNeworkClassLibrary\SocialNeworkClassLibrary.csproj", "{1531EF8D-56E2-4647-911B-038FD9F9DFFC}"
EndProject
Project("{FAE04EC0-301F-11D3-BF4B-00C04F79EFBC}") = "SocialNetworkConsoleApp", "SocialNetworkConsoleApp\SocialNetworkConsoleApp.csproj", "{F88268CF-EDA4-4369-B6E4-BA0933DF47F5}"
EndProject
Project("{FAE04EC0-301F-11D3-BF4B-00C04F79EFBC}") = "SocialNetworkTest", "SocialNetworkTest\SocialNetworkTest.csproj", "{F88B2801-3557-4870-A970-3AF620534DF4}"
EndProject
Global
	GlobalSection(SolutionConfigurationPlatforms) = preSolution
		Debug|Any CPU = Debug|Any CPU
		Release|Any CPU = Release|Any CPU
	EndGlobalSection
	GlobalSection(ProjectConfigurationPlatforms) = postSolution
		{1531EF8D-56E2-4647-911B-038FD9F9DFFC}.Debug|Any CPU.ActiveCfg = Debug|Any CPU
		{1531EF8D-56E2-4647-911B-038FD9F9DFFC}.Debug|Any CPU.Build.0 = Debug|Any CPU
		{1531EF8D-56E2-4647-911B-038FD9F9DFFC}.Release|Any CPU.ActiveCfg = Release|Any CPU
		{1531EF8D-56E2-4647-911B-038FD9F9DFFC}.Release|Any CPU.Build.0 = Release|Any CPU
		{F88268CF-EDA4-4369-B6E4-BA0933DF47F5}.Debug|Any CPU.ActiveCfg = Debug|Any CPU
		{F88268CF-EDA4-4369-B6E4-BA0933DF47F5}.Debug|Any CPU.Build.0 = Debug|Any CPU
		{F88268CF-EDA4-4369-B6E4-BA0933DF47F5}.Release|Any CPU.ActiveCfg = Release|Any CPU
		{F88268CF-EDA4-4369-B6E4-BA0933DF47F5}.Release|Any CPU.Build.0 = Release|Any CPU
		{F88B2801-3557-4870-A970-3AF620534DF4}.Debug|Any CPU.ActiveCfg = Debug|Any CPU
		{F88B2801-3557-4870-A970-3AF620534DF4}.Debug|Any CPU.Build.0 = Debug|Any CPU
		{F88B2801-3557-4870-A970-3AF620534DF4}.Release|Any CPU.ActiveCfg = Release|Any CPU
		{F88B2801-3557-4870-A970-3AF620534DF4}.Release|Any CPU.Build.0 = Release|Any CPU
	EndGlobalSection
	GlobalSection(SolutionProperties) = preSolution
		HideSolutionNode = FALSE
	EndGlobalSection
	GlobalSection(ExtensibilityGlobals) = postSolution
		SolutionGuid = {3E31E1FD-59D9-446B-A1F4-61C0EF36A993}
	EndGlobalSection
EndGlobal
