
Microsoft Visual Studio Solution File, Format Version 12.00
# Visual Studio 15
VisualStudioVersion = 15.0.28307.438
MinimumVisualStudioVersion = 10.0.40219.1
Project("{FAE04EC0-301F-11D3-BF4B-00C04F79EFBC}") = "Variables", "Variables\Variables.csproj", "{DF453F11-C0F3-4E09-8E66-0CCB8F50D6ED}"
EndProject
Global
	GlobalSection(SolutionConfigurationPlatforms) = preSolution
		Debug|Any CPU = Debug|Any CPU
		Release|Any CPU = Release|Any CPU
	EndGlobalSection
	GlobalSection(ProjectConfigurationPlatforms) = postSolution
		{DF453F11-C0F3-4E09-8E66-0CCB8F50D6ED}.Debug|Any CPU.ActiveCfg = Debug|Any CPU
		{DF453F11-C0F3-4E09-8E66-0CCB8F50D6ED}.Debug|Any CPU.Build.0 = Debug|Any CPU
		{DF453F11-C0F3-4E09-8E66-0CCB8F50D6ED}.Release|Any CPU.ActiveCfg = Release|Any CPU
		{DF453F11-C0F3-4E09-8E66-0CCB8F50D6ED}.Release|Any CPU.Build.0 = Release|Any CPU
	EndGlobalSection
	GlobalSection(SolutionProperties) = preSolution
		HideSolutionNode = FALSE
	EndGlobalSection
	GlobalSection(ExtensibilityGlobals) = postSolution
		SolutionGuid = {3E1E4038-22AE-44EC-B3DE-0E25A1DFFFF4}
	EndGlobalSection
EndGlobal
