
Microsoft Visual Studio Solution File, Format Version 12.00
# Visual Studio 15
VisualStudioVersion = 15.0.28307.438
MinimumVisualStudioVersion = 10.0.40219.1
Project("{FAE04EC0-301F-11D3-BF4B-00C04F79EFBC}") = "LetterFinderLibrary", "LetterFinderLibrary\LetterFinderLibrary.csproj", "{C0C85AD4-2776-487E-9DE0-FF87EFDC1FF9}"
EndProject
Project("{FAE04EC0-301F-11D3-BF4B-00C04F79EFBC}") = "UnitTestProject1", "UnitTestProject1\UnitTestProject1.csproj", "{F6FABA0B-24F5-4027-A460-ABB66946534A}"
EndProject
Global
	GlobalSection(SolutionConfigurationPlatforms) = preSolution
		Debug|Any CPU = Debug|Any CPU
		Release|Any CPU = Release|Any CPU
	EndGlobalSection
	GlobalSection(ProjectConfigurationPlatforms) = postSolution
		{C0C85AD4-2776-487E-9DE0-FF87EFDC1FF9}.Debug|Any CPU.ActiveCfg = Debug|Any CPU
		{C0C85AD4-2776-487E-9DE0-FF87EFDC1FF9}.Debug|Any CPU.Build.0 = Debug|Any CPU
		{C0C85AD4-2776-487E-9DE0-FF87EFDC1FF9}.Release|Any CPU.ActiveCfg = Release|Any CPU
		{C0C85AD4-2776-487E-9DE0-FF87EFDC1FF9}.Release|Any CPU.Build.0 = Release|Any CPU
		{F6FABA0B-24F5-4027-A460-ABB66946534A}.Debug|Any CPU.ActiveCfg = Debug|Any CPU
		{F6FABA0B-24F5-4027-A460-ABB66946534A}.Debug|Any CPU.Build.0 = Debug|Any CPU
		{F6FABA0B-24F5-4027-A460-ABB66946534A}.Release|Any CPU.ActiveCfg = Release|Any CPU
		{F6FABA0B-24F5-4027-A460-ABB66946534A}.Release|Any CPU.Build.0 = Release|Any CPU
	EndGlobalSection
	GlobalSection(SolutionProperties) = preSolution
		HideSolutionNode = FALSE
	EndGlobalSection
	GlobalSection(ExtensibilityGlobals) = postSolution
		SolutionGuid = {29E38970-4AF1-41DF-8C36-305969767AE4}
	EndGlobalSection
EndGlobal
